
Microsoft Visual Studio Solution File, Format Version 12.00
# Visual Studio Version 17
VisualStudioVersion = 17.0.31912.275
MinimumVisualStudioVersion = 10.0.40219.1
Project("{2150E333-8FDC-42A3-9474-1A3956D46DE8}") = "framework", "framework", "{263E47E4-96EF-4EDC-A07D-776A62AF339E}"
EndProject
Project("{2150E333-8FDC-42A3-9474-1A3956D46DE8}") = "tests", "tests", "{67B40054-8866-4BB5-A486-46A5A84BA49B}"
EndProject
Project("{2150E333-8FDC-42A3-9474-1A3956D46DE8}") = "extensions", "extensions", "{C17E030A-5F4D-40C5-8C88-825ABA164909}"
EndProject
Project("{9A19103F-16F7-4668-BE54-9A1E7A4F7556}") = "ZFramework.Domain", "framework\ZFramework.Domain\ZFramework.Domain.csproj", "{A6A6D7DE-6D6A-4F49-B868-5E0754BEB128}"
EndProject
Project("{9A19103F-16F7-4668-BE54-9A1E7A4F7556}") = "ZFramework.Web", "framework\ZFramework.Web\ZFramework.Web.csproj", "{3194F774-7C54-4CC6-9AA2-653DD3B45454}"
EndProject
Project("{9A19103F-16F7-4668-BE54-9A1E7A4F7556}") = "ZFramework.Application", "framework\ZFramework.Application\ZFramework.Application.csproj", "{7839DC4D-20C0-4935-8D5E-12C4B14F8C34}"
EndProject
Project("{9A19103F-16F7-4668-BE54-9A1E7A4F7556}") = "ZFramework.Common", "framework\ZFramework.Common\ZFramework.Common.csproj", "{9E5FBC79-99FA-4503-A1AE-D6CDEF1AC77C}"
EndProject
Project("{2150E333-8FDC-42A3-9474-1A3956D46DE8}") = "samples", "samples", "{E7673483-3CDD-47B4-99A5-CEAA4FEEF661}"
EndProject
Project("{9A19103F-16F7-4668-BE54-9A1E7A4F7556}") = "ZSample.Host", "samples\host\ZSample.Host\ZSample.Host.csproj", "{8586D185-8A41-429A-B5CB-36A6043CA8E6}"
EndProject
Project("{9A19103F-16F7-4668-BE54-9A1E7A4F7556}") = "ZSample.Domain", "samples\modules\ZSample.Domain\ZSample.Domain.csproj", "{72E521B7-12FC-4801-8427-715B118B00C4}"
EndProject
Project("{9A19103F-16F7-4668-BE54-9A1E7A4F7556}") = "ZSample.Infrastructure", "samples\modules\ZSample.Infrastructure\ZSample.Infrastructure.csproj", "{7BB7D096-3035-4701-9DDC-0083107A1F87}"
EndProject
Project("{9A19103F-16F7-4668-BE54-9A1E7A4F7556}") = "ZSample.Application", "samples\modules\ZSamples.Application\ZSample.Application.csproj", "{23688CDB-7F04-4029-B226-BDB36D248645}"
EndProject
Project("{9A19103F-16F7-4668-BE54-9A1E7A4F7556}") = "ZFramework.DependencyInjection.Microsoft", "framework\ZFramework.DependencyInjection.Microsoft\ZFramework.DependencyInjection.Microsoft.csproj", "{0FBD1DB9-015A-4843-AC8A-C73C28EFB88D}"
EndProject
Project("{9A19103F-16F7-4668-BE54-9A1E7A4F7556}") = "ZFramework.Infrastructure.EntityFrameworkCore", "framework\ZFramework.Infrastructure.EntityFrameworkCore\ZFramework.Infrastructure.EntityFrameworkCore.csproj", "{E8CC441C-0EA5-4A17-9CA7-C96BBE5DF458}"
EndProject
Project("{9A19103F-16F7-4668-BE54-9A1E7A4F7556}") = "ZSample.Infrastructure.Migrations", "samples\migrations\ZSample.Infrastructure.Migrations\ZSample.Infrastructure.Migrations.csproj", "{22606E65-5CCD-49B0-9A74-FA42FC9BA3A4}"
EndProject
Project("{2150E333-8FDC-42A3-9474-1A3956D46DE8}") = "providers", "providers", "{B33A7552-8523-434D-9A8D-B939BCBBE28E}"
EndProject
Project("{9A19103F-16F7-4668-BE54-9A1E7A4F7556}") = "ZInfrastructure.EntityFrameworkCore.PostgreSql", "framework\extensions\providers\ZInfrastructure.EntityFrameworkCore.PostgreSql\ZInfrastructure.EntityFrameworkCore.PostgreSql.csproj", "{755D12E2-1970-4066-A6AF-9BBCE1E03AA5}"
EndProject
Project("{9A19103F-16F7-4668-BE54-9A1E7A4F7556}") = "ZInfrastructure.EntityFrameworkCore.IBM", "framework\extensions\providers\ZInfrastructure.EntityFrameworkCore.IBM\ZInfrastructure.EntityFrameworkCore.IBM.csproj", "{A9EEB6F6-C23B-4568-BA54-1C82A51D69E1}"
EndProject
Project("{2150E333-8FDC-42A3-9474-1A3956D46DE8}") = "modules", "modules", "{95A53133-D55D-43A1-BF93-3F01A369759F}"
EndProject
Project("{2150E333-8FDC-42A3-9474-1A3956D46DE8}") = "migrations", "migrations", "{B92324CD-E54B-4DEA-BF7F-C45372DBF37D}"
EndProject
Project("{2150E333-8FDC-42A3-9474-1A3956D46DE8}") = "host", "host", "{9ED66433-D5BE-4B39-B496-2AD904C818D0}"
EndProject
Project("{2150E333-8FDC-42A3-9474-1A3956D46DE8}") = "tests", "tests", "{8FCFA4A4-FDD3-4E42-8AEA-74FCC9656FAD}"
EndProject
Project("{9A19103F-16F7-4668-BE54-9A1E7A4F7556}") = "ZSample.Tests", "samples\tests\ZSample.Tests\ZSample.Tests.csproj", "{2337C428-F5A7-4044-933D-173E338FDC2E}"
EndProject
Project("{FAE04EC0-301F-11D3-BF4B-00C04F79EFBC}") = "HiddenBackMember", "framework\extensions\vs\HiddenBackMember\HiddenBackMember.csproj", "{08F5B664-05A6-41F9-B970-2CD86562767A}"
EndProject
Project("{2150E333-8FDC-42A3-9474-1A3956D46DE8}") = "vs", "vs", "{A67B41B4-BC5E-4E70-9247-88D93064D8BE}"
EndProject
Project("{2150E333-8FDC-42A3-9474-1A3956D46DE8}") = "logging", "logging", "{BBD47381-4271-4F77-8C76-EBEF16464F99}"
EndProject
Project("{9A19103F-16F7-4668-BE54-9A1E7A4F7556}") = "ZLogging.Serilog", "framework\extensions\logging\ZLogging.Serilog\ZLogging.Serilog.csproj", "{B9FBAE55-455C-4395-8E35-22014DC61D33}"
EndProject
Project("{2150E333-8FDC-42A3-9474-1A3956D46DE8}") = "testing", "testing", "{31D3AB9F-6992-4387-9853-2881A1737F27}"
EndProject
Project("{9A19103F-16F7-4668-BE54-9A1E7A4F7556}") = "ZTesting", "framework\extensions\testing\ZTesting\ZTesting\ZTesting.csproj", "{928BF363-57DC-49AE-955D-1256EEFE0089}"
EndProject
Project("{9A19103F-16F7-4668-BE54-9A1E7A4F7556}") = "ZFramework.Domain.Tests", "tests\ZFramework.Domain.Tests\ZFramework.Domain.Tests.csproj", "{DAF69DCA-B693-4222-9A34-6FCFD780DAD3}"
EndProject
Project("{9A19103F-16F7-4668-BE54-9A1E7A4F7556}") = "ZFramework.Infrastructure.EntityFrameworkCore.Tests", "tests\ZFramework.Infrastructure.EntityFrameworkCore.Tests\ZFramework.Infrastructure.EntityFrameworkCore.Tests.csproj", "{1F3B126C-2C54-4BEC-88A4-576FA658B95A}"
EndProject
Project("{9A19103F-16F7-4668-BE54-9A1E7A4F7556}") = "ZInfrastructure.EntityFrameworkCore.Sqlite", "framework\extensions\providers\ZInfrastructure.EntityFrameworkCore.Sqlite\ZInfrastructure.EntityFrameworkCore.Sqlite.csproj", "{C6D10418-1113-46C7-953F-0139DA127FE5}"
EndProject
Project("{9A19103F-16F7-4668-BE54-9A1E7A4F7556}") = "ZFramework.Application.Tests", "tests\ZFramework.Application.Tests\ZFramework.Application.Tests.csproj", "{16C1FF9F-CA09-4C52-A32F-F35389BC7755}"
EndProject
Global
	GlobalSection(SolutionConfigurationPlatforms) = preSolution
		Debug|Any CPU = Debug|Any CPU
		Debug|x86 = Debug|x86
		Release|Any CPU = Release|Any CPU
		Release|x86 = Release|x86
	EndGlobalSection
	GlobalSection(ProjectConfigurationPlatforms) = postSolution
		{A6A6D7DE-6D6A-4F49-B868-5E0754BEB128}.Debug|Any CPU.ActiveCfg = Debug|Any CPU
		{A6A6D7DE-6D6A-4F49-B868-5E0754BEB128}.Debug|Any CPU.Build.0 = Debug|Any CPU
		{A6A6D7DE-6D6A-4F49-B868-5E0754BEB128}.Debug|x86.ActiveCfg = Debug|Any CPU
		{A6A6D7DE-6D6A-4F49-B868-5E0754BEB128}.Debug|x86.Build.0 = Debug|Any CPU
		{A6A6D7DE-6D6A-4F49-B868-5E0754BEB128}.Release|Any CPU.ActiveCfg = Release|Any CPU
		{A6A6D7DE-6D6A-4F49-B868-5E0754BEB128}.Release|Any CPU.Build.0 = Release|Any CPU
		{A6A6D7DE-6D6A-4F49-B868-5E0754BEB128}.Release|x86.ActiveCfg = Release|Any CPU
		{A6A6D7DE-6D6A-4F49-B868-5E0754BEB128}.Release|x86.Build.0 = Release|Any CPU
		{3194F774-7C54-4CC6-9AA2-653DD3B45454}.Debug|Any CPU.ActiveCfg = Debug|Any CPU
		{3194F774-7C54-4CC6-9AA2-653DD3B45454}.Debug|Any CPU.Build.0 = Debug|Any CPU
		{3194F774-7C54-4CC6-9AA2-653DD3B45454}.Debug|x86.ActiveCfg = Debug|Any CPU
		{3194F774-7C54-4CC6-9AA2-653DD3B45454}.Debug|x86.Build.0 = Debug|Any CPU
		{3194F774-7C54-4CC6-9AA2-653DD3B45454}.Release|Any CPU.ActiveCfg = Release|Any CPU
		{3194F774-7C54-4CC6-9AA2-653DD3B45454}.Release|Any CPU.Build.0 = Release|Any CPU
		{3194F774-7C54-4CC6-9AA2-653DD3B45454}.Release|x86.ActiveCfg = Release|Any CPU
		{3194F774-7C54-4CC6-9AA2-653DD3B45454}.Release|x86.Build.0 = Release|Any CPU
		{7839DC4D-20C0-4935-8D5E-12C4B14F8C34}.Debug|Any CPU.ActiveCfg = Debug|Any CPU
		{7839DC4D-20C0-4935-8D5E-12C4B14F8C34}.Debug|Any CPU.Build.0 = Debug|Any CPU
		{7839DC4D-20C0-4935-8D5E-12C4B14F8C34}.Debug|x86.ActiveCfg = Debug|Any CPU
		{7839DC4D-20C0-4935-8D5E-12C4B14F8C34}.Debug|x86.Build.0 = Debug|Any CPU
		{7839DC4D-20C0-4935-8D5E-12C4B14F8C34}.Release|Any CPU.ActiveCfg = Release|Any CPU
		{7839DC4D-20C0-4935-8D5E-12C4B14F8C34}.Release|Any CPU.Build.0 = Release|Any CPU
		{7839DC4D-20C0-4935-8D5E-12C4B14F8C34}.Release|x86.ActiveCfg = Release|Any CPU
		{7839DC4D-20C0-4935-8D5E-12C4B14F8C34}.Release|x86.Build.0 = Release|Any CPU
		{9E5FBC79-99FA-4503-A1AE-D6CDEF1AC77C}.Debug|Any CPU.ActiveCfg = Debug|Any CPU
		{9E5FBC79-99FA-4503-A1AE-D6CDEF1AC77C}.Debug|Any CPU.Build.0 = Debug|Any CPU
		{9E5FBC79-99FA-4503-A1AE-D6CDEF1AC77C}.Debug|x86.ActiveCfg = Debug|Any CPU
		{9E5FBC79-99FA-4503-A1AE-D6CDEF1AC77C}.Debug|x86.Build.0 = Debug|Any CPU
		{9E5FBC79-99FA-4503-A1AE-D6CDEF1AC77C}.Release|Any CPU.ActiveCfg = Release|Any CPU
		{9E5FBC79-99FA-4503-A1AE-D6CDEF1AC77C}.Release|Any CPU.Build.0 = Release|Any CPU
		{9E5FBC79-99FA-4503-A1AE-D6CDEF1AC77C}.Release|x86.ActiveCfg = Release|Any CPU
		{9E5FBC79-99FA-4503-A1AE-D6CDEF1AC77C}.Release|x86.Build.0 = Release|Any CPU
		{8586D185-8A41-429A-B5CB-36A6043CA8E6}.Debug|Any CPU.ActiveCfg = Debug|Any CPU
		{8586D185-8A41-429A-B5CB-36A6043CA8E6}.Debug|Any CPU.Build.0 = Debug|Any CPU
		{8586D185-8A41-429A-B5CB-36A6043CA8E6}.Debug|x86.ActiveCfg = Debug|Any CPU
		{8586D185-8A41-429A-B5CB-36A6043CA8E6}.Debug|x86.Build.0 = Debug|Any CPU
		{8586D185-8A41-429A-B5CB-36A6043CA8E6}.Release|Any CPU.ActiveCfg = Release|Any CPU
		{8586D185-8A41-429A-B5CB-36A6043CA8E6}.Release|Any CPU.Build.0 = Release|Any CPU
		{8586D185-8A41-429A-B5CB-36A6043CA8E6}.Release|x86.ActiveCfg = Release|Any CPU
		{8586D185-8A41-429A-B5CB-36A6043CA8E6}.Release|x86.Build.0 = Release|Any CPU
		{72E521B7-12FC-4801-8427-715B118B00C4}.Debug|Any CPU.ActiveCfg = Debug|Any CPU
		{72E521B7-12FC-4801-8427-715B118B00C4}.Debug|Any CPU.Build.0 = Debug|Any CPU
		{72E521B7-12FC-4801-8427-715B118B00C4}.Debug|x86.ActiveCfg = Debug|Any CPU
		{72E521B7-12FC-4801-8427-715B118B00C4}.Debug|x86.Build.0 = Debug|Any CPU
		{72E521B7-12FC-4801-8427-715B118B00C4}.Release|Any CPU.ActiveCfg = Release|Any CPU
		{72E521B7-12FC-4801-8427-715B118B00C4}.Release|Any CPU.Build.0 = Release|Any CPU
		{72E521B7-12FC-4801-8427-715B118B00C4}.Release|x86.ActiveCfg = Release|Any CPU
		{72E521B7-12FC-4801-8427-715B118B00C4}.Release|x86.Build.0 = Release|Any CPU
		{7BB7D096-3035-4701-9DDC-0083107A1F87}.Debug|Any CPU.ActiveCfg = Debug|Any CPU
		{7BB7D096-3035-4701-9DDC-0083107A1F87}.Debug|Any CPU.Build.0 = Debug|Any CPU
		{7BB7D096-3035-4701-9DDC-0083107A1F87}.Debug|x86.ActiveCfg = Debug|Any CPU
		{7BB7D096-3035-4701-9DDC-0083107A1F87}.Debug|x86.Build.0 = Debug|Any CPU
		{7BB7D096-3035-4701-9DDC-0083107A1F87}.Release|Any CPU.ActiveCfg = Release|Any CPU
		{7BB7D096-3035-4701-9DDC-0083107A1F87}.Release|Any CPU.Build.0 = Release|Any CPU
		{7BB7D096-3035-4701-9DDC-0083107A1F87}.Release|x86.ActiveCfg = Release|Any CPU
		{7BB7D096-3035-4701-9DDC-0083107A1F87}.Release|x86.Build.0 = Release|Any CPU
		{23688CDB-7F04-4029-B226-BDB36D248645}.Debug|Any CPU.ActiveCfg = Debug|Any CPU
		{23688CDB-7F04-4029-B226-BDB36D248645}.Debug|Any CPU.Build.0 = Debug|Any CPU
		{23688CDB-7F04-4029-B226-BDB36D248645}.Debug|x86.ActiveCfg = Debug|Any CPU
		{23688CDB-7F04-4029-B226-BDB36D248645}.Debug|x86.Build.0 = Debug|Any CPU
		{23688CDB-7F04-4029-B226-BDB36D248645}.Release|Any CPU.ActiveCfg = Release|Any CPU
		{23688CDB-7F04-4029-B226-BDB36D248645}.Release|Any CPU.Build.0 = Release|Any CPU
		{23688CDB-7F04-4029-B226-BDB36D248645}.Release|x86.ActiveCfg = Release|Any CPU
		{23688CDB-7F04-4029-B226-BDB36D248645}.Release|x86.Build.0 = Release|Any CPU
		{0FBD1DB9-015A-4843-AC8A-C73C28EFB88D}.Debug|Any CPU.ActiveCfg = Debug|Any CPU
		{0FBD1DB9-015A-4843-AC8A-C73C28EFB88D}.Debug|Any CPU.Build.0 = Debug|Any CPU
		{0FBD1DB9-015A-4843-AC8A-C73C28EFB88D}.Debug|x86.ActiveCfg = Debug|Any CPU
		{0FBD1DB9-015A-4843-AC8A-C73C28EFB88D}.Debug|x86.Build.0 = Debug|Any CPU
		{0FBD1DB9-015A-4843-AC8A-C73C28EFB88D}.Release|Any CPU.ActiveCfg = Release|Any CPU
		{0FBD1DB9-015A-4843-AC8A-C73C28EFB88D}.Release|Any CPU.Build.0 = Release|Any CPU
		{0FBD1DB9-015A-4843-AC8A-C73C28EFB88D}.Release|x86.ActiveCfg = Release|Any CPU
		{0FBD1DB9-015A-4843-AC8A-C73C28EFB88D}.Release|x86.Build.0 = Release|Any CPU
		{E8CC441C-0EA5-4A17-9CA7-C96BBE5DF458}.Debug|Any CPU.ActiveCfg = Debug|Any CPU
		{E8CC441C-0EA5-4A17-9CA7-C96BBE5DF458}.Debug|Any CPU.Build.0 = Debug|Any CPU
		{E8CC441C-0EA5-4A17-9CA7-C96BBE5DF458}.Debug|x86.ActiveCfg = Debug|Any CPU
		{E8CC441C-0EA5-4A17-9CA7-C96BBE5DF458}.Debug|x86.Build.0 = Debug|Any CPU
		{E8CC441C-0EA5-4A17-9CA7-C96BBE5DF458}.Release|Any CPU.ActiveCfg = Release|Any CPU
		{E8CC441C-0EA5-4A17-9CA7-C96BBE5DF458}.Release|Any CPU.Build.0 = Release|Any CPU
		{E8CC441C-0EA5-4A17-9CA7-C96BBE5DF458}.Release|x86.ActiveCfg = Release|Any CPU
		{E8CC441C-0EA5-4A17-9CA7-C96BBE5DF458}.Release|x86.Build.0 = Release|Any CPU
		{22606E65-5CCD-49B0-9A74-FA42FC9BA3A4}.Debug|Any CPU.ActiveCfg = Debug|Any CPU
		{22606E65-5CCD-49B0-9A74-FA42FC9BA3A4}.Debug|Any CPU.Build.0 = Debug|Any CPU
		{22606E65-5CCD-49B0-9A74-FA42FC9BA3A4}.Debug|x86.ActiveCfg = Debug|Any CPU
		{22606E65-5CCD-49B0-9A74-FA42FC9BA3A4}.Debug|x86.Build.0 = Debug|Any CPU
		{22606E65-5CCD-49B0-9A74-FA42FC9BA3A4}.Release|Any CPU.ActiveCfg = Release|Any CPU
		{22606E65-5CCD-49B0-9A74-FA42FC9BA3A4}.Release|Any CPU.Build.0 = Release|Any CPU
		{22606E65-5CCD-49B0-9A74-FA42FC9BA3A4}.Release|x86.ActiveCfg = Release|Any CPU
		{22606E65-5CCD-49B0-9A74-FA42FC9BA3A4}.Release|x86.Build.0 = Release|Any CPU
		{755D12E2-1970-4066-A6AF-9BBCE1E03AA5}.Debug|Any CPU.ActiveCfg = Debug|Any CPU
		{755D12E2-1970-4066-A6AF-9BBCE1E03AA5}.Debug|Any CPU.Build.0 = Debug|Any CPU
		{755D12E2-1970-4066-A6AF-9BBCE1E03AA5}.Debug|x86.ActiveCfg = Debug|Any CPU
		{755D12E2-1970-4066-A6AF-9BBCE1E03AA5}.Debug|x86.Build.0 = Debug|Any CPU
		{755D12E2-1970-4066-A6AF-9BBCE1E03AA5}.Release|Any CPU.ActiveCfg = Release|Any CPU
		{755D12E2-1970-4066-A6AF-9BBCE1E03AA5}.Release|Any CPU.Build.0 = Release|Any CPU
		{755D12E2-1970-4066-A6AF-9BBCE1E03AA5}.Release|x86.ActiveCfg = Release|Any CPU
		{755D12E2-1970-4066-A6AF-9BBCE1E03AA5}.Release|x86.Build.0 = Release|Any CPU
		{A9EEB6F6-C23B-4568-BA54-1C82A51D69E1}.Debug|Any CPU.ActiveCfg = Debug|Any CPU
		{A9EEB6F6-C23B-4568-BA54-1C82A51D69E1}.Debug|Any CPU.Build.0 = Debug|Any CPU
		{A9EEB6F6-C23B-4568-BA54-1C82A51D69E1}.Debug|x86.ActiveCfg = Debug|Any CPU
		{A9EEB6F6-C23B-4568-BA54-1C82A51D69E1}.Debug|x86.Build.0 = Debug|Any CPU
		{A9EEB6F6-C23B-4568-BA54-1C82A51D69E1}.Release|Any CPU.ActiveCfg = Release|Any CPU
		{A9EEB6F6-C23B-4568-BA54-1C82A51D69E1}.Release|Any CPU.Build.0 = Release|Any CPU
		{A9EEB6F6-C23B-4568-BA54-1C82A51D69E1}.Release|x86.ActiveCfg = Release|Any CPU
		{A9EEB6F6-C23B-4568-BA54-1C82A51D69E1}.Release|x86.Build.0 = Release|Any CPU
		{2337C428-F5A7-4044-933D-173E338FDC2E}.Debug|Any CPU.ActiveCfg = Debug|Any CPU
		{2337C428-F5A7-4044-933D-173E338FDC2E}.Debug|Any CPU.Build.0 = Debug|Any CPU
		{2337C428-F5A7-4044-933D-173E338FDC2E}.Debug|x86.ActiveCfg = Debug|Any CPU
		{2337C428-F5A7-4044-933D-173E338FDC2E}.Debug|x86.Build.0 = Debug|Any CPU
		{2337C428-F5A7-4044-933D-173E338FDC2E}.Release|Any CPU.ActiveCfg = Release|Any CPU
		{2337C428-F5A7-4044-933D-173E338FDC2E}.Release|Any CPU.Build.0 = Release|Any CPU
		{2337C428-F5A7-4044-933D-173E338FDC2E}.Release|x86.ActiveCfg = Release|Any CPU
		{2337C428-F5A7-4044-933D-173E338FDC2E}.Release|x86.Build.0 = Release|Any CPU
		{08F5B664-05A6-41F9-B970-2CD86562767A}.Debug|Any CPU.ActiveCfg = Debug|Any CPU
		{08F5B664-05A6-41F9-B970-2CD86562767A}.Debug|Any CPU.Build.0 = Debug|Any CPU
		{08F5B664-05A6-41F9-B970-2CD86562767A}.Debug|x86.ActiveCfg = Debug|x86
		{08F5B664-05A6-41F9-B970-2CD86562767A}.Debug|x86.Build.0 = Debug|x86
		{08F5B664-05A6-41F9-B970-2CD86562767A}.Release|Any CPU.ActiveCfg = Release|Any CPU
		{08F5B664-05A6-41F9-B970-2CD86562767A}.Release|Any CPU.Build.0 = Release|Any CPU
		{08F5B664-05A6-41F9-B970-2CD86562767A}.Release|x86.ActiveCfg = Release|x86
		{08F5B664-05A6-41F9-B970-2CD86562767A}.Release|x86.Build.0 = Release|x86
		{B9FBAE55-455C-4395-8E35-22014DC61D33}.Debug|Any CPU.ActiveCfg = Debug|Any CPU
		{B9FBAE55-455C-4395-8E35-22014DC61D33}.Debug|Any CPU.Build.0 = Debug|Any CPU
		{B9FBAE55-455C-4395-8E35-22014DC61D33}.Debug|x86.ActiveCfg = Debug|Any CPU
		{B9FBAE55-455C-4395-8E35-22014DC61D33}.Debug|x86.Build.0 = Debug|Any CPU
		{B9FBAE55-455C-4395-8E35-22014DC61D33}.Release|Any CPU.ActiveCfg = Release|Any CPU
		{B9FBAE55-455C-4395-8E35-22014DC61D33}.Release|Any CPU.Build.0 = Release|Any CPU
		{B9FBAE55-455C-4395-8E35-22014DC61D33}.Release|x86.ActiveCfg = Release|Any CPU
		{B9FBAE55-455C-4395-8E35-22014DC61D33}.Release|x86.Build.0 = Release|Any CPU
		{928BF363-57DC-49AE-955D-1256EEFE0089}.Debug|Any CPU.ActiveCfg = Debug|Any CPU
		{928BF363-57DC-49AE-955D-1256EEFE0089}.Debug|Any CPU.Build.0 = Debug|Any CPU
		{928BF363-57DC-49AE-955D-1256EEFE0089}.Debug|x86.ActiveCfg = Debug|Any CPU
		{928BF363-57DC-49AE-955D-1256EEFE0089}.Debug|x86.Build.0 = Debug|Any CPU
		{928BF363-57DC-49AE-955D-1256EEFE0089}.Release|Any CPU.ActiveCfg = Release|Any CPU
		{928BF363-57DC-49AE-955D-1256EEFE0089}.Release|Any CPU.Build.0 = Release|Any CPU
		{928BF363-57DC-49AE-955D-1256EEFE0089}.Release|x86.ActiveCfg = Release|Any CPU
		{928BF363-57DC-49AE-955D-1256EEFE0089}.Release|x86.Build.0 = Release|Any CPU
		{DAF69DCA-B693-4222-9A34-6FCFD780DAD3}.Debug|Any CPU.ActiveCfg = Debug|Any CPU
		{DAF69DCA-B693-4222-9A34-6FCFD780DAD3}.Debug|Any CPU.Build.0 = Debug|Any CPU
		{DAF69DCA-B693-4222-9A34-6FCFD780DAD3}.Debug|x86.ActiveCfg = Debug|Any CPU
		{DAF69DCA-B693-4222-9A34-6FCFD780DAD3}.Debug|x86.Build.0 = Debug|Any CPU
		{DAF69DCA-B693-4222-9A34-6FCFD780DAD3}.Release|Any CPU.ActiveCfg = Release|Any CPU
		{DAF69DCA-B693-4222-9A34-6FCFD780DAD3}.Release|Any CPU.Build.0 = Release|Any CPU
		{DAF69DCA-B693-4222-9A34-6FCFD780DAD3}.Release|x86.ActiveCfg = Release|Any CPU
		{DAF69DCA-B693-4222-9A34-6FCFD780DAD3}.Release|x86.Build.0 = Release|Any CPU
		{1F3B126C-2C54-4BEC-88A4-576FA658B95A}.Debug|Any CPU.ActiveCfg = Debug|Any CPU
		{1F3B126C-2C54-4BEC-88A4-576FA658B95A}.Debug|Any CPU.Build.0 = Debug|Any CPU
		{1F3B126C-2C54-4BEC-88A4-576FA658B95A}.Debug|x86.ActiveCfg = Debug|Any CPU
		{1F3B126C-2C54-4BEC-88A4-576FA658B95A}.Debug|x86.Build.0 = Debug|Any CPU
		{1F3B126C-2C54-4BEC-88A4-576FA658B95A}.Release|Any CPU.ActiveCfg = Release|Any CPU
		{1F3B126C-2C54-4BEC-88A4-576FA658B95A}.Release|Any CPU.Build.0 = Release|Any CPU
		{1F3B126C-2C54-4BEC-88A4-576FA658B95A}.Release|x86.ActiveCfg = Release|Any CPU
		{1F3B126C-2C54-4BEC-88A4-576FA658B95A}.Release|x86.Build.0 = Release|Any CPU
		{C6D10418-1113-46C7-953F-0139DA127FE5}.Debug|Any CPU.ActiveCfg = Debug|Any CPU
		{C6D10418-1113-46C7-953F-0139DA127FE5}.Debug|Any CPU.Build.0 = Debug|Any CPU
		{C6D10418-1113-46C7-953F-0139DA127FE5}.Debug|x86.ActiveCfg = Debug|Any CPU
		{C6D10418-1113-46C7-953F-0139DA127FE5}.Debug|x86.Build.0 = Debug|Any CPU
		{C6D10418-1113-46C7-953F-0139DA127FE5}.Release|Any CPU.ActiveCfg = Release|Any CPU
		{C6D10418-1113-46C7-953F-0139DA127FE5}.Release|Any CPU.Build.0 = Release|Any CPU
		{C6D10418-1113-46C7-953F-0139DA127FE5}.Release|x86.ActiveCfg = Release|Any CPU
		{C6D10418-1113-46C7-953F-0139DA127FE5}.Release|x86.Build.0 = Release|Any CPU
		{16C1FF9F-CA09-4C52-A32F-F35389BC7755}.Debug|Any CPU.ActiveCfg = Debug|Any CPU
		{16C1FF9F-CA09-4C52-A32F-F35389BC7755}.Debug|Any CPU.Build.0 = Debug|Any CPU
		{16C1FF9F-CA09-4C52-A32F-F35389BC7755}.Debug|x86.ActiveCfg = Debug|Any CPU
		{16C1FF9F-CA09-4C52-A32F-F35389BC7755}.Debug|x86.Build.0 = Debug|Any CPU
		{16C1FF9F-CA09-4C52-A32F-F35389BC7755}.Release|Any CPU.ActiveCfg = Release|Any CPU
		{16C1FF9F-CA09-4C52-A32F-F35389BC7755}.Release|Any CPU.Build.0 = Release|Any CPU
		{16C1FF9F-CA09-4C52-A32F-F35389BC7755}.Release|x86.ActiveCfg = Release|Any CPU
		{16C1FF9F-CA09-4C52-A32F-F35389BC7755}.Release|x86.Build.0 = Release|Any CPU
	EndGlobalSection
	GlobalSection(SolutionProperties) = preSolution
		HideSolutionNode = FALSE
	EndGlobalSection
	GlobalSection(NestedProjects) = preSolution
		{C17E030A-5F4D-40C5-8C88-825ABA164909} = {263E47E4-96EF-4EDC-A07D-776A62AF339E}
		{A6A6D7DE-6D6A-4F49-B868-5E0754BEB128} = {263E47E4-96EF-4EDC-A07D-776A62AF339E}
		{3194F774-7C54-4CC6-9AA2-653DD3B45454} = {263E47E4-96EF-4EDC-A07D-776A62AF339E}
		{7839DC4D-20C0-4935-8D5E-12C4B14F8C34} = {263E47E4-96EF-4EDC-A07D-776A62AF339E}
		{9E5FBC79-99FA-4503-A1AE-D6CDEF1AC77C} = {263E47E4-96EF-4EDC-A07D-776A62AF339E}
		{8586D185-8A41-429A-B5CB-36A6043CA8E6} = {9ED66433-D5BE-4B39-B496-2AD904C818D0}
		{72E521B7-12FC-4801-8427-715B118B00C4} = {95A53133-D55D-43A1-BF93-3F01A369759F}
		{7BB7D096-3035-4701-9DDC-0083107A1F87} = {95A53133-D55D-43A1-BF93-3F01A369759F}
		{23688CDB-7F04-4029-B226-BDB36D248645} = {95A53133-D55D-43A1-BF93-3F01A369759F}
		{0FBD1DB9-015A-4843-AC8A-C73C28EFB88D} = {263E47E4-96EF-4EDC-A07D-776A62AF339E}
		{E8CC441C-0EA5-4A17-9CA7-C96BBE5DF458} = {263E47E4-96EF-4EDC-A07D-776A62AF339E}
		{22606E65-5CCD-49B0-9A74-FA42FC9BA3A4} = {B92324CD-E54B-4DEA-BF7F-C45372DBF37D}
		{B33A7552-8523-434D-9A8D-B939BCBBE28E} = {C17E030A-5F4D-40C5-8C88-825ABA164909}
		{755D12E2-1970-4066-A6AF-9BBCE1E03AA5} = {B33A7552-8523-434D-9A8D-B939BCBBE28E}
		{A9EEB6F6-C23B-4568-BA54-1C82A51D69E1} = {B33A7552-8523-434D-9A8D-B939BCBBE28E}
		{95A53133-D55D-43A1-BF93-3F01A369759F} = {E7673483-3CDD-47B4-99A5-CEAA4FEEF661}
		{B92324CD-E54B-4DEA-BF7F-C45372DBF37D} = {E7673483-3CDD-47B4-99A5-CEAA4FEEF661}
		{9ED66433-D5BE-4B39-B496-2AD904C818D0} = {E7673483-3CDD-47B4-99A5-CEAA4FEEF661}
		{8FCFA4A4-FDD3-4E42-8AEA-74FCC9656FAD} = {E7673483-3CDD-47B4-99A5-CEAA4FEEF661}
		{2337C428-F5A7-4044-933D-173E338FDC2E} = {8FCFA4A4-FDD3-4E42-8AEA-74FCC9656FAD}
		{08F5B664-05A6-41F9-B970-2CD86562767A} = {A67B41B4-BC5E-4E70-9247-88D93064D8BE}
		{A67B41B4-BC5E-4E70-9247-88D93064D8BE} = {C17E030A-5F4D-40C5-8C88-825ABA164909}
		{BBD47381-4271-4F77-8C76-EBEF16464F99} = {C17E030A-5F4D-40C5-8C88-825ABA164909}
		{B9FBAE55-455C-4395-8E35-22014DC61D33} = {BBD47381-4271-4F77-8C76-EBEF16464F99}
		{31D3AB9F-6992-4387-9853-2881A1737F27} = {C17E030A-5F4D-40C5-8C88-825ABA164909}
		{928BF363-57DC-49AE-955D-1256EEFE0089} = {31D3AB9F-6992-4387-9853-2881A1737F27}
		{DAF69DCA-B693-4222-9A34-6FCFD780DAD3} = {67B40054-8866-4BB5-A486-46A5A84BA49B}
		{1F3B126C-2C54-4BEC-88A4-576FA658B95A} = {67B40054-8866-4BB5-A486-46A5A84BA49B}
		{C6D10418-1113-46C7-953F-0139DA127FE5} = {B33A7552-8523-434D-9A8D-B939BCBBE28E}
		{16C1FF9F-CA09-4C52-A32F-F35389BC7755} = {67B40054-8866-4BB5-A486-46A5A84BA49B}
	EndGlobalSection
	GlobalSection(ExtensibilityGlobals) = postSolution
		SolutionGuid = {B447C2E0-2F39-4423-9EC4-C7193CCFDEA0}
	EndGlobalSection
EndGlobal
